
Microsoft Visual Studio Solution File, Format Version 12.00
# Visual Studio Version 17
VisualStudioVersion = 17.12.35707.178 d17.12
MinimumVisualStudioVersion = 10.0.40219.1
Project("{FAE04EC0-301F-11D3-BF4B-00C04F79EFBC}") = "ArtLib", "ArtLib.csproj", "{68BE68DD-F38A-4C45-B2A1-F3F61A095D6C}"
EndProject
Project("{FAE04EC0-301F-11D3-BF4B-00C04F79EFBC}") = "ArtRest", "..\ArtRest\ArtRest.csproj", "{40D785DC-B0D8-47BD-B4FC-876B02DBC036}"
EndProject
Global
	GlobalSection(SolutionConfigurationPlatforms) = preSolution
		Debug|Any CPU = Debug|Any CPU
		Release|Any CPU = Release|Any CPU
	EndGlobalSection
	GlobalSection(ProjectConfigurationPlatforms) = postSolution
		{68BE68DD-F38A-4C45-B2A1-F3F61A095D6C}.Debug|Any CPU.ActiveCfg = Debug|Any CPU
		{68BE68DD-F38A-4C45-B2A1-F3F61A095D6C}.Debug|Any CPU.Build.0 = Debug|Any CPU
		{68BE68DD-F38A-4C45-B2A1-F3F61A095D6C}.Release|Any CPU.ActiveCfg = Release|Any CPU
		{68BE68DD-F38A-4C45-B2A1-F3F61A095D6C}.Release|Any CPU.Build.0 = Release|Any CPU
		{40D785DC-B0D8-47BD-B4FC-876B02DBC036}.Debug|Any CPU.ActiveCfg = Debug|Any CPU
		{40D785DC-B0D8-47BD-B4FC-876B02DBC036}.Debug|Any CPU.Build.0 = Debug|Any CPU
		{40D785DC-B0D8-47BD-B4FC-876B02DBC036}.Release|Any CPU.ActiveCfg = Release|Any CPU
		{40D785DC-B0D8-47BD-B4FC-876B02DBC036}.Release|Any CPU.Build.0 = Release|Any CPU
	EndGlobalSection
	GlobalSection(SolutionProperties) = preSolution
		HideSolutionNode = FALSE
	EndGlobalSection
EndGlobal
